
Microsoft Visual Studio Solution File, Format Version 12.00
# Visual Studio 15
VisualStudioVersion = 15.0.26730.16
MinimumVisualStudioVersion = 10.0.40219.1
Project("{FAE04EC0-301F-11D3-BF4B-00C04F79EFBC}") = "ASP.NET Project", "ASP.NET Project.csproj", "{C97236F7-8C20-4862-A21C-239017722FE1}"
EndProject
Global
	GlobalSection(SolutionConfigurationPlatforms) = preSolution
		Debug|Any CPU = Debug|Any CPU
		Release|Any CPU = Release|Any CPU
	EndGlobalSection
	GlobalSection(ProjectConfigurationPlatforms) = postSolution
		{C97236F7-8C20-4862-A21C-239017722FE1}.Debug|Any CPU.ActiveCfg = Debug|Any CPU
		{C97236F7-8C20-4862-A21C-239017722FE1}.Debug|Any CPU.Build.0 = Debug|Any CPU
		{C97236F7-8C20-4862-A21C-239017722FE1}.Release|Any CPU.ActiveCfg = Release|Any CPU
		{C97236F7-8C20-4862-A21C-239017722FE1}.Release|Any CPU.Build.0 = Release|Any CPU
	EndGlobalSection
	GlobalSection(SolutionProperties) = preSolution
		HideSolutionNode = FALSE
	EndGlobalSection
	GlobalSection(ExtensibilityGlobals) = postSolution
		SolutionGuid = {7B5A2A5A-F4A5-44FF-B75D-672320BAD64C}
	EndGlobalSection
EndGlobal
